
Microsoft Visual Studio Solution File, Format Version 12.00
# Visual Studio Version 16
VisualStudioVersion = 16.0.30406.217
MinimumVisualStudioVersion = 10.0.40219.1
Project("{FAE04EC0-301F-11D3-BF4B-00C04F79EFBC}") = "DownUnder", "DownUnder\DownUnder.csproj", "{8349EAC2-9D5E-436C-A0C4-C43134389359}"
EndProject
Global
	GlobalSection(SolutionConfigurationPlatforms) = preSolution
		Debug|Any CPU = Debug|Any CPU
		Release|Any CPU = Release|Any CPU
	EndGlobalSection
	GlobalSection(ProjectConfigurationPlatforms) = postSolution
		{8349EAC2-9D5E-436C-A0C4-C43134389359}.Debug|Any CPU.ActiveCfg = Debug|Any CPU
		{8349EAC2-9D5E-436C-A0C4-C43134389359}.Debug|Any CPU.Build.0 = Debug|Any CPU
		{8349EAC2-9D5E-436C-A0C4-C43134389359}.Release|Any CPU.ActiveCfg = Release|Any CPU
		{8349EAC2-9D5E-436C-A0C4-C43134389359}.Release|Any CPU.Build.0 = Release|Any CPU
	EndGlobalSection
	GlobalSection(SolutionProperties) = preSolution
		HideSolutionNode = FALSE
	EndGlobalSection
	GlobalSection(ExtensibilityGlobals) = postSolution
		SolutionGuid = {4FB7A024-9234-49C2-B21B-9BCDA2381FBE}
	EndGlobalSection
EndGlobal
